// !$*UTF8*$!
{
	archiveVersion = 1;
	classes = {
	};
	objectVersion = 56;
	objects = {

/* Begin PBXBuildFile section */
		11039A4828F6F9B80056F6F1 /* ClassInfoBox.swift in Sources */ = {isa = PBXBuildFile; fileRef = 11039A4728F6F9B80056F6F1 /* ClassInfoBox.swift */; };
		11EBAFBC2914FE4000286AFE /* Font.swift in Sources */ = {isa = PBXBuildFile; fileRef = 11EBAFBB2914FE4000286AFE /* Font.swift */; };
		378D4E1028F7147E0094F277 /* OnboardingFirst.swift in Sources */ = {isa = PBXBuildFile; fileRef = 378D4E0F28F7147E0094F277 /* OnboardingFirst.swift */; };
		378D4E1228F7148B0094F277 /* OnboardingSecond.swift in Sources */ = {isa = PBXBuildFile; fileRef = 378D4E1128F7148B0094F277 /* OnboardingSecond.swift */; };
		378D4E1528F714990094F277 /* OnboardingMain.swift in Sources */ = {isa = PBXBuildFile; fileRef = 378D4E1428F714990094F277 /* OnboardingMain.swift */; };
		378D4E1828F719EF0094F277 /* Color.swift in Sources */ = {isa = PBXBuildFile; fileRef = 378D4E1728F719EF0094F277 /* Color.swift */; };
		AB2A426C28F6DF5600B314B9 /* Enrollment.swift in Sources */ = {isa = PBXBuildFile; fileRef = AB2A426B28F6DF5600B314B9 /* Enrollment.swift */; };
		AB2A427028F6E2D000B314B9 /* EnrollmentListView.swift in Sources */ = {isa = PBXBuildFile; fileRef = AB2A426F28F6E2D000B314B9 /* EnrollmentListView.swift */; };
		AB3394B3291503B3001575BB /* SuspendedClass.swift in Sources */ = {isa = PBXBuildFile; fileRef = AB3394B2291503B3001575BB /* SuspendedClass.swift */; };
		AB3394B529150471001575BB /* Student.swift in Sources */ = {isa = PBXBuildFile; fileRef = AB3394B429150471001575BB /* Student.swift */; };
		C0552C2928F69541005D0E67 /* ClassManagerApp.swift in Sources */ = {isa = PBXBuildFile; fileRef = C0552C2828F69541005D0E67 /* ClassManagerApp.swift */; };
		C0552C2D28F69542005D0E67 /* Assets.xcassets in Resources */ = {isa = PBXBuildFile; fileRef = C0552C2C28F69542005D0E67 /* Assets.xcassets */; };
		C0552C3128F69542005D0E67 /* Preview Assets.xcassets in Resources */ = {isa = PBXBuildFile; fileRef = C0552C3028F69542005D0E67 /* Preview Assets.xcassets */; };
		C0552C3B28F69542005D0E67 /* ClassManagerTests.swift in Sources */ = {isa = PBXBuildFile; fileRef = C0552C3A28F69542005D0E67 /* ClassManagerTests.swift */; };
		C0552C4528F69542005D0E67 /* ClassManagerUITests.swift in Sources */ = {isa = PBXBuildFile; fileRef = C0552C4428F69542005D0E67 /* ClassManagerUITests.swift */; };
		C0552C4728F69542005D0E67 /* ClassManagerUITestsLaunchTests.swift in Sources */ = {isa = PBXBuildFile; fileRef = C0552C4628F69542005D0E67 /* ClassManagerUITestsLaunchTests.swift */; };
		C0552C5428F6965A005D0E67 /* GoogleService-Info.plist in Resources */ = {isa = PBXBuildFile; fileRef = C0552C5328F6965A005D0E67 /* GoogleService-Info.plist */; };
		C0552C5728F69762005D0E67 /* FirebaseFirestore in Frameworks */ = {isa = PBXBuildFile; productRef = C0552C5628F69762005D0E67 /* FirebaseFirestore */; };
		C0552C5928F69762005D0E67 /* FirebaseFirestoreSwift in Frameworks */ = {isa = PBXBuildFile; productRef = C0552C5828F69762005D0E67 /* FirebaseFirestoreSwift */; };
		C701B4BB28F7EC4500C94DE3 /* Montserrat-SemiBold.ttf in Resources */ = {isa = PBXBuildFile; fileRef = C701B4BA28F7EC4500C94DE3 /* Montserrat-SemiBold.ttf */; };
		C701B4BD28F8037200C94DE3 /* Link.swift in Sources */ = {isa = PBXBuildFile; fileRef = C701B4BC28F8037200C94DE3 /* Link.swift */; };
		C76DC5FA291500DC004E5894 /* AttendanceView.swift in Sources */ = {isa = PBXBuildFile; fileRef = C76DC5F9291500DC004E5894 /* AttendanceView.swift */; };
		C76DC5FC291547F2004E5894 /* Date.swift in Sources */ = {isa = PBXBuildFile; fileRef = C76DC5FB291547F2004E5894 /* Date.swift */; };
		C76DC5FE29158793004E5894 /* SuspendView.swift in Sources */ = {isa = PBXBuildFile; fileRef = C76DC5FD29158793004E5894 /* SuspendView.swift */; };
		C79E13BC28F6AF8B0010C4BA /* Studio.swift in Sources */ = {isa = PBXBuildFile; fileRef = C79E13BB28F6AF8B0010C4BA /* Studio.swift */; };
		C79E13BE28F6B0DC0010C4BA /* Notice.swift in Sources */ = {isa = PBXBuildFile; fileRef = C79E13BD28F6B0DC0010C4BA /* Notice.swift */; };
		C79E13C028F6B1780010C4BA /* Class.swift in Sources */ = {isa = PBXBuildFile; fileRef = C79E13BF28F6B1780010C4BA /* Class.swift */; };
		C79E13C228F6B2990010C4BA /* Hall.swift in Sources */ = {isa = PBXBuildFile; fileRef = C79E13C128F6B2990010C4BA /* Hall.swift */; };
		C79E13C728F6BBB00010C4BA /* ClassCalendarView.swift in Sources */ = {isa = PBXBuildFile; fileRef = C79E13C628F6BBB00010C4BA /* ClassCalendarView.swift */; };
		C79E13C928F6BBBC0010C4BA /* AddClassView.swift in Sources */ = {isa = PBXBuildFile; fileRef = C79E13C828F6BBBC0010C4BA /* AddClassView.swift */; };
		C79E13CB28F6BC010010C4BA /* OnboardingView.swift in Sources */ = {isa = PBXBuildFile; fileRef = C79E13CA28F6BC010010C4BA /* OnboardingView.swift */; };
		C79E13CD28F6BC410010C4BA /* DataService.swift in Sources */ = {isa = PBXBuildFile; fileRef = C79E13CC28F6BC410010C4BA /* DataService.swift */; };
		C79E13CF28F6BC580010C4BA /* Constant.swift in Sources */ = {isa = PBXBuildFile; fileRef = C79E13CE28F6BC580010C4BA /* Constant.swift */; };
		C79E13D728F6BCFD0010C4BA /* FontManager.swift in Sources */ = {isa = PBXBuildFile; fileRef = C79E13D628F6BCFD0010C4BA /* FontManager.swift */; };
		C79E13D928F6BD540010C4BA /* Toast.swift in Sources */ = {isa = PBXBuildFile; fileRef = C79E13D828F6BD540010C4BA /* Toast.swift */; };
/* End PBXBuildFile section */

/* Begin PBXContainerItemProxy section */
		C0552C3728F69542005D0E67 /* PBXContainerItemProxy */ = {
			isa = PBXContainerItemProxy;
			containerPortal = C0552C1D28F69541005D0E67 /* Project object */;
			proxyType = 1;
			remoteGlobalIDString = C0552C2428F69541005D0E67;
			remoteInfo = ClassManager;
		};
		C0552C4128F69542005D0E67 /* PBXContainerItemProxy */ = {
			isa = PBXContainerItemProxy;
			containerPortal = C0552C1D28F69541005D0E67 /* Project object */;
			proxyType = 1;
			remoteGlobalIDString = C0552C2428F69541005D0E67;
			remoteInfo = ClassManager;
		};
/* End PBXContainerItemProxy section */

/* Begin PBXFileReference section */
		11039A4728F6F9B80056F6F1 /* ClassInfoBox.swift */ = {isa = PBXFileReference; lastKnownFileType = sourcecode.swift; path = ClassInfoBox.swift; sourceTree = "<group>"; };
		11EBAFBB2914FE4000286AFE /* Font.swift */ = {isa = PBXFileReference; lastKnownFileType = sourcecode.swift; path = Font.swift; sourceTree = "<group>"; };
		378D4E0F28F7147E0094F277 /* OnboardingFirst.swift */ = {isa = PBXFileReference; lastKnownFileType = sourcecode.swift; path = OnboardingFirst.swift; sourceTree = "<group>"; };
		378D4E1128F7148B0094F277 /* OnboardingSecond.swift */ = {isa = PBXFileReference; lastKnownFileType = sourcecode.swift; path = OnboardingSecond.swift; sourceTree = "<group>"; };
		378D4E1428F714990094F277 /* OnboardingMain.swift */ = {isa = PBXFileReference; lastKnownFileType = sourcecode.swift; path = OnboardingMain.swift; sourceTree = "<group>"; };
		378D4E1728F719EF0094F277 /* Color.swift */ = {isa = PBXFileReference; lastKnownFileType = sourcecode.swift; path = Color.swift; sourceTree = "<group>"; };
		AB2A426B28F6DF5600B314B9 /* Enrollment.swift */ = {isa = PBXFileReference; lastKnownFileType = sourcecode.swift; path = Enrollment.swift; sourceTree = "<group>"; };
		AB2A426F28F6E2D000B314B9 /* EnrollmentListView.swift */ = {isa = PBXFileReference; lastKnownFileType = sourcecode.swift; path = EnrollmentListView.swift; sourceTree = "<group>"; };
		AB3394B2291503B3001575BB /* SuspendedClass.swift */ = {isa = PBXFileReference; lastKnownFileType = sourcecode.swift; path = SuspendedClass.swift; sourceTree = "<group>"; };
		AB3394B429150471001575BB /* Student.swift */ = {isa = PBXFileReference; lastKnownFileType = sourcecode.swift; path = Student.swift; sourceTree = "<group>"; };
		C0552C2528F69541005D0E67 /* ClassManager.app */ = {isa = PBXFileReference; explicitFileType = wrapper.application; includeInIndex = 0; path = ClassManager.app; sourceTree = BUILT_PRODUCTS_DIR; };
		C0552C2828F69541005D0E67 /* ClassManagerApp.swift */ = {isa = PBXFileReference; lastKnownFileType = sourcecode.swift; path = ClassManagerApp.swift; sourceTree = "<group>"; };
		C0552C2C28F69542005D0E67 /* Assets.xcassets */ = {isa = PBXFileReference; lastKnownFileType = folder.assetcatalog; path = Assets.xcassets; sourceTree = "<group>"; };
		C0552C2E28F69542005D0E67 /* ClassManager.entitlements */ = {isa = PBXFileReference; lastKnownFileType = text.plist.entitlements; path = ClassManager.entitlements; sourceTree = "<group>"; };
		C0552C3028F69542005D0E67 /* Preview Assets.xcassets */ = {isa = PBXFileReference; lastKnownFileType = folder.assetcatalog; path = "Preview Assets.xcassets"; sourceTree = "<group>"; };
		C0552C3628F69542005D0E67 /* ClassManagerTests.xctest */ = {isa = PBXFileReference; explicitFileType = wrapper.cfbundle; includeInIndex = 0; path = ClassManagerTests.xctest; sourceTree = BUILT_PRODUCTS_DIR; };
		C0552C3A28F69542005D0E67 /* ClassManagerTests.swift */ = {isa = PBXFileReference; lastKnownFileType = sourcecode.swift; path = ClassManagerTests.swift; sourceTree = "<group>"; };
		C0552C4028F69542005D0E67 /* ClassManagerUITests.xctest */ = {isa = PBXFileReference; explicitFileType = wrapper.cfbundle; includeInIndex = 0; path = ClassManagerUITests.xctest; sourceTree = BUILT_PRODUCTS_DIR; };
		C0552C4428F69542005D0E67 /* ClassManagerUITests.swift */ = {isa = PBXFileReference; lastKnownFileType = sourcecode.swift; path = ClassManagerUITests.swift; sourceTree = "<group>"; };
		C0552C4628F69542005D0E67 /* ClassManagerUITestsLaunchTests.swift */ = {isa = PBXFileReference; lastKnownFileType = sourcecode.swift; path = ClassManagerUITestsLaunchTests.swift; sourceTree = "<group>"; };
		C0552C5328F6965A005D0E67 /* GoogleService-Info.plist */ = {isa = PBXFileReference; fileEncoding = 4; lastKnownFileType = text.plist.xml; path = "GoogleService-Info.plist"; sourceTree = "<group>"; };
		C0552C5A28F69973005D0E67 /* Info.plist */ = {isa = PBXFileReference; lastKnownFileType = text.plist; path = Info.plist; sourceTree = "<group>"; };
		C701B4BA28F7EC4500C94DE3 /* Montserrat-SemiBold.ttf */ = {isa = PBXFileReference; lastKnownFileType = file; path = "Montserrat-SemiBold.ttf"; sourceTree = "<group>"; };
		C701B4BC28F8037200C94DE3 /* Link.swift */ = {isa = PBXFileReference; lastKnownFileType = sourcecode.swift; path = Link.swift; sourceTree = "<group>"; };
		C76DC5F9291500DC004E5894 /* AttendanceView.swift */ = {isa = PBXFileReference; lastKnownFileType = sourcecode.swift; path = AttendanceView.swift; sourceTree = "<group>"; };
		C76DC5FB291547F2004E5894 /* Date.swift */ = {isa = PBXFileReference; lastKnownFileType = sourcecode.swift; path = Date.swift; sourceTree = "<group>"; };
		C76DC5FD29158793004E5894 /* SuspendView.swift */ = {isa = PBXFileReference; lastKnownFileType = sourcecode.swift; path = SuspendView.swift; sourceTree = "<group>"; };
		C79E13BB28F6AF8B0010C4BA /* Studio.swift */ = {isa = PBXFileReference; lastKnownFileType = sourcecode.swift; path = Studio.swift; sourceTree = "<group>"; };
		C79E13BD28F6B0DC0010C4BA /* Notice.swift */ = {isa = PBXFileReference; lastKnownFileType = sourcecode.swift; path = Notice.swift; sourceTree = "<group>"; };
		C79E13BF28F6B1780010C4BA /* Class.swift */ = {isa = PBXFileReference; lastKnownFileType = sourcecode.swift; path = Class.swift; sourceTree = "<group>"; };
		C79E13C128F6B2990010C4BA /* Hall.swift */ = {isa = PBXFileReference; lastKnownFileType = sourcecode.swift; path = Hall.swift; sourceTree = "<group>"; };
		C79E13C628F6BBB00010C4BA /* ClassCalendarView.swift */ = {isa = PBXFileReference; lastKnownFileType = sourcecode.swift; path = ClassCalendarView.swift; sourceTree = "<group>"; };
		C79E13C828F6BBBC0010C4BA /* AddClassView.swift */ = {isa = PBXFileReference; lastKnownFileType = sourcecode.swift; path = AddClassView.swift; sourceTree = "<group>"; };
		C79E13CA28F6BC010010C4BA /* OnboardingView.swift */ = {isa = PBXFileReference; lastKnownFileType = sourcecode.swift; path = OnboardingView.swift; sourceTree = "<group>"; };
		C79E13CC28F6BC410010C4BA /* DataService.swift */ = {isa = PBXFileReference; lastKnownFileType = sourcecode.swift; path = DataService.swift; sourceTree = "<group>"; };
		C79E13CE28F6BC580010C4BA /* Constant.swift */ = {isa = PBXFileReference; lastKnownFileType = sourcecode.swift; path = Constant.swift; sourceTree = "<group>"; };
		C79E13D628F6BCFD0010C4BA /* FontManager.swift */ = {isa = PBXFileReference; lastKnownFileType = sourcecode.swift; path = FontManager.swift; sourceTree = "<group>"; };
		C79E13D828F6BD540010C4BA /* Toast.swift */ = {isa = PBXFileReference; lastKnownFileType = sourcecode.swift; path = Toast.swift; sourceTree = "<group>"; };
/* End PBXFileReference section */

/* Begin PBXFrameworksBuildPhase section */
		C0552C2228F69541005D0E67 /* Frameworks */ = {
			isa = PBXFrameworksBuildPhase;
			buildActionMask = 2147483647;
			files = (
				C0552C5728F69762005D0E67 /* FirebaseFirestore in Frameworks */,
				C0552C5928F69762005D0E67 /* FirebaseFirestoreSwift in Frameworks */,
			);
			runOnlyForDeploymentPostprocessing = 0;
		};
		C0552C3328F69542005D0E67 /* Frameworks */ = {
			isa = PBXFrameworksBuildPhase;
			buildActionMask = 2147483647;
			files = (
			);
			runOnlyForDeploymentPostprocessing = 0;
		};
		C0552C3D28F69542005D0E67 /* Frameworks */ = {
			isa = PBXFrameworksBuildPhase;
			buildActionMask = 2147483647;
			files = (
			);
			runOnlyForDeploymentPostprocessing = 0;
		};
/* End PBXFrameworksBuildPhase section */

/* Begin PBXGroup section */
		378D4E0E28F714690094F277 /* Onboarding */ = {
			isa = PBXGroup;
			children = (
				378D4E0F28F7147E0094F277 /* OnboardingFirst.swift */,
				378D4E1128F7148B0094F277 /* OnboardingSecond.swift */,
				378D4E1428F714990094F277 /* OnboardingMain.swift */,
			);
			path = Onboarding;
			sourceTree = "<group>";
		};
		378D4E1628F719E30094F277 /* Extensions */ = {
			isa = PBXGroup;
			children = (
				378D4E1728F719EF0094F277 /* Color.swift */,
				11EBAFBB2914FE4000286AFE /* Font.swift */,
				C76DC5FB291547F2004E5894 /* Date.swift */,
			);
			path = Extensions;
			sourceTree = "<group>";
		};
		C0552C1C28F69541005D0E67 = {
			isa = PBXGroup;
			children = (
				C0552C2728F69541005D0E67 /* ClassManager */,
				C0552C3928F69542005D0E67 /* ClassManagerTests */,
				C0552C4328F69542005D0E67 /* ClassManagerUITests */,
				C0552C2628F69541005D0E67 /* Products */,
			);
			sourceTree = "<group>";
		};
		C0552C2628F69541005D0E67 /* Products */ = {
			isa = PBXGroup;
			children = (
				C0552C2528F69541005D0E67 /* ClassManager.app */,
				C0552C3628F69542005D0E67 /* ClassManagerTests.xctest */,
				C0552C4028F69542005D0E67 /* ClassManagerUITests.xctest */,
			);
			name = Products;
			sourceTree = "<group>";
		};
		C0552C2728F69541005D0E67 /* ClassManager */ = {
			isa = PBXGroup;
			children = (
				C0552C2828F69541005D0E67 /* ClassManagerApp.swift */,
				378D4E1628F719E30094F277 /* Extensions */,
				C0552C5B28F699C8005D0E67 /* Config */,
				C79E13B828F6AE630010C4BA /* Model */,
				C79E13C528F6B3C80010C4BA /* View */,
				C79E13D028F6BC5F0010C4BA /* Helper */,
				C79E13D128F6BC820010C4BA /* Reusable */,
				C79E13D528F6BCE60010C4BA /* Font */,
				C0552C2C28F69542005D0E67 /* Assets.xcassets */,
				C0552C2F28F69542005D0E67 /* Preview Content */,
			);
			path = ClassManager;
			sourceTree = "<group>";
		};
		C0552C2F28F69542005D0E67 /* Preview Content */ = {
			isa = PBXGroup;
			children = (
				C0552C3028F69542005D0E67 /* Preview Assets.xcassets */,
			);
			path = "Preview Content";
			sourceTree = "<group>";
		};
		C0552C3928F69542005D0E67 /* ClassManagerTests */ = {
			isa = PBXGroup;
			children = (
				C0552C3A28F69542005D0E67 /* ClassManagerTests.swift */,
			);
			path = ClassManagerTests;
			sourceTree = "<group>";
		};
		C0552C4328F69542005D0E67 /* ClassManagerUITests */ = {
			isa = PBXGroup;
			children = (
				C0552C4428F69542005D0E67 /* ClassManagerUITests.swift */,
				C0552C4628F69542005D0E67 /* ClassManagerUITestsLaunchTests.swift */,
			);
			path = ClassManagerUITests;
			sourceTree = "<group>";
		};
		C0552C5B28F699C8005D0E67 /* Config */ = {
			isa = PBXGroup;
			children = (
				C0552C5A28F69973005D0E67 /* Info.plist */,
				C0552C5328F6965A005D0E67 /* GoogleService-Info.plist */,
				C0552C2E28F69542005D0E67 /* ClassManager.entitlements */,
			);
			name = Config;
			sourceTree = "<group>";
		};
		C79E13B828F6AE630010C4BA /* Model */ = {
			isa = PBXGroup;
			children = (
				C79E13BB28F6AF8B0010C4BA /* Studio.swift */,
				C79E13BD28F6B0DC0010C4BA /* Notice.swift */,
				C79E13BF28F6B1780010C4BA /* Class.swift */,
				C79E13C128F6B2990010C4BA /* Hall.swift */,
				AB2A426B28F6DF5600B314B9 /* Enrollment.swift */,
				C701B4BC28F8037200C94DE3 /* Link.swift */,
				AB3394B2291503B3001575BB /* SuspendedClass.swift */,
				AB3394B429150471001575BB /* Student.swift */,
			);
			path = Model;
			sourceTree = "<group>";
		};
		C79E13C528F6B3C80010C4BA /* View */ = {
			isa = PBXGroup;
			children = (
				378D4E0E28F714690094F277 /* Onboarding */,
				C79E13C628F6BBB00010C4BA /* ClassCalendarView.swift */,
				C79E13C828F6BBBC0010C4BA /* AddClassView.swift */,
				C79E13CA28F6BC010010C4BA /* OnboardingView.swift */,
				AB2A426F28F6E2D000B314B9 /* EnrollmentListView.swift */,
				C76DC5F9291500DC004E5894 /* AttendanceView.swift */,
				C76DC5FD29158793004E5894 /* SuspendView.swift */,
			);
			path = View;
			sourceTree = "<group>";
		};
		C79E13D028F6BC5F0010C4BA /* Helper */ = {
			isa = PBXGroup;
			children = (
				C79E13CC28F6BC410010C4BA /* DataService.swift */,
				C79E13CE28F6BC580010C4BA /* Constant.swift */,
			);
			path = Helper;
			sourceTree = "<group>";
		};
		C79E13D128F6BC820010C4BA /* Reusable */ = {
			isa = PBXGroup;
			children = (
				C79E13D828F6BD540010C4BA /* Toast.swift */,
				11039A4728F6F9B80056F6F1 /* ClassInfoBox.swift */,
			);
			path = Reusable;
			sourceTree = "<group>";
		};
		C79E13D528F6BCE60010C4BA /* Font */ = {
			isa = PBXGroup;
			children = (
				C701B4BA28F7EC4500C94DE3 /* Montserrat-SemiBold.ttf */,
				C79E13D628F6BCFD0010C4BA /* FontManager.swift */,
			);
			path = Font;
			sourceTree = "<group>";
		};
/* End PBXGroup section */

/* Begin PBXNativeTarget section */
		C0552C2428F69541005D0E67 /* ClassManager */ = {
			isa = PBXNativeTarget;
			buildConfigurationList = C0552C4A28F69542005D0E67 /* Build configuration list for PBXNativeTarget "ClassManager" */;
			buildPhases = (
				C0552C2128F69541005D0E67 /* Sources */,
				C0552C2228F69541005D0E67 /* Frameworks */,
				C0552C2328F69541005D0E67 /* Resources */,
			);
			buildRules = (
			);
			dependencies = (
			);
			name = ClassManager;
			packageProductDependencies = (
				C0552C5628F69762005D0E67 /* FirebaseFirestore */,
				C0552C5828F69762005D0E67 /* FirebaseFirestoreSwift */,
			);
			productName = ClassManager;
			productReference = C0552C2528F69541005D0E67 /* ClassManager.app */;
			productType = "com.apple.product-type.application";
		};
		C0552C3528F69542005D0E67 /* ClassManagerTests */ = {
			isa = PBXNativeTarget;
			buildConfigurationList = C0552C4D28F69542005D0E67 /* Build configuration list for PBXNativeTarget "ClassManagerTests" */;
			buildPhases = (
				C0552C3228F69542005D0E67 /* Sources */,
				C0552C3328F69542005D0E67 /* Frameworks */,
				C0552C3428F69542005D0E67 /* Resources */,
			);
			buildRules = (
			);
			dependencies = (
				C0552C3828F69542005D0E67 /* PBXTargetDependency */,
			);
			name = ClassManagerTests;
			productName = ClassManagerTests;
			productReference = C0552C3628F69542005D0E67 /* ClassManagerTests.xctest */;
			productType = "com.apple.product-type.bundle.unit-test";
		};
		C0552C3F28F69542005D0E67 /* ClassManagerUITests */ = {
			isa = PBXNativeTarget;
			buildConfigurationList = C0552C5028F69542005D0E67 /* Build configuration list for PBXNativeTarget "ClassManagerUITests" */;
			buildPhases = (
				C0552C3C28F69542005D0E67 /* Sources */,
				C0552C3D28F69542005D0E67 /* Frameworks */,
				C0552C3E28F69542005D0E67 /* Resources */,
			);
			buildRules = (
			);
			dependencies = (
				C0552C4228F69542005D0E67 /* PBXTargetDependency */,
			);
			name = ClassManagerUITests;
			productName = ClassManagerUITests;
			productReference = C0552C4028F69542005D0E67 /* ClassManagerUITests.xctest */;
			productType = "com.apple.product-type.bundle.ui-testing";
		};
/* End PBXNativeTarget section */

/* Begin PBXProject section */
		C0552C1D28F69541005D0E67 /* Project object */ = {
			isa = PBXProject;
			attributes = {
				BuildIndependentTargetsInParallel = 1;
				LastSwiftUpdateCheck = 1400;
				LastUpgradeCheck = 1410;
				TargetAttributes = {
					C0552C2428F69541005D0E67 = {
						CreatedOnToolsVersion = 14.0.1;
					};
					C0552C3528F69542005D0E67 = {
						CreatedOnToolsVersion = 14.0.1;
						TestTargetID = C0552C2428F69541005D0E67;
					};
					C0552C3F28F69542005D0E67 = {
						CreatedOnToolsVersion = 14.0.1;
						TestTargetID = C0552C2428F69541005D0E67;
					};
				};
			};
			buildConfigurationList = C0552C2028F69541005D0E67 /* Build configuration list for PBXProject "ClassManager" */;
			compatibilityVersion = "Xcode 14.0";
			developmentRegion = en;
			hasScannedForEncodings = 0;
			knownRegions = (
				en,
				Base,
			);
			mainGroup = C0552C1C28F69541005D0E67;
			packageReferences = (
				C0552C5528F69762005D0E67 /* XCRemoteSwiftPackageReference "firebase-ios-sdk" */,
			);
			productRefGroup = C0552C2628F69541005D0E67 /* Products */;
			projectDirPath = "";
			projectRoot = "";
			targets = (
				C0552C2428F69541005D0E67 /* ClassManager */,
				C0552C3528F69542005D0E67 /* ClassManagerTests */,
				C0552C3F28F69542005D0E67 /* ClassManagerUITests */,
			);
		};
/* End PBXProject section */

/* Begin PBXResourcesBuildPhase section */
		C0552C2328F69541005D0E67 /* Resources */ = {
			isa = PBXResourcesBuildPhase;
			buildActionMask = 2147483647;
			files = (
				C0552C3128F69542005D0E67 /* Preview Assets.xcassets in Resources */,
				C0552C2D28F69542005D0E67 /* Assets.xcassets in Resources */,
				C701B4BB28F7EC4500C94DE3 /* Montserrat-SemiBold.ttf in Resources */,
				C0552C5428F6965A005D0E67 /* GoogleService-Info.plist in Resources */,
			);
			runOnlyForDeploymentPostprocessing = 0;
		};
		C0552C3428F69542005D0E67 /* Resources */ = {
			isa = PBXResourcesBuildPhase;
			buildActionMask = 2147483647;
			files = (
			);
			runOnlyForDeploymentPostprocessing = 0;
		};
		C0552C3E28F69542005D0E67 /* Resources */ = {
			isa = PBXResourcesBuildPhase;
			buildActionMask = 2147483647;
			files = (
			);
			runOnlyForDeploymentPostprocessing = 0;
		};
/* End PBXResourcesBuildPhase section */

/* Begin PBXSourcesBuildPhase section */
		C0552C2128F69541005D0E67 /* Sources */ = {
			isa = PBXSourcesBuildPhase;
			buildActionMask = 2147483647;
			files = (
				378D4E1228F7148B0094F277 /* OnboardingSecond.swift in Sources */,
				C76DC5FE29158793004E5894 /* SuspendView.swift in Sources */,
				C0552C2928F69541005D0E67 /* ClassManagerApp.swift in Sources */,
				378D4E1528F714990094F277 /* OnboardingMain.swift in Sources */,
				C76DC5FA291500DC004E5894 /* AttendanceView.swift in Sources */,
				378D4E1028F7147E0094F277 /* OnboardingFirst.swift in Sources */,
				378D4E1828F719EF0094F277 /* Color.swift in Sources */,
				C79E13D928F6BD540010C4BA /* Toast.swift in Sources */,
				C79E13BC28F6AF8B0010C4BA /* Studio.swift in Sources */,
				11039A4828F6F9B80056F6F1 /* ClassInfoBox.swift in Sources */,
				C79E13C928F6BBBC0010C4BA /* AddClassView.swift in Sources */,
				AB2A426C28F6DF5600B314B9 /* Enrollment.swift in Sources */,
				AB3394B529150471001575BB /* Student.swift in Sources */,
				C79E13BE28F6B0DC0010C4BA /* Notice.swift in Sources */,
				C79E13CB28F6BC010010C4BA /* OnboardingView.swift in Sources */,
				11EBAFBC2914FE4000286AFE /* Font.swift in Sources */,
				AB2A427028F6E2D000B314B9 /* EnrollmentListView.swift in Sources */,
				C79E13C228F6B2990010C4BA /* Hall.swift in Sources */,
				C701B4BD28F8037200C94DE3 /* Link.swift in Sources */,
				C79E13C728F6BBB00010C4BA /* ClassCalendarView.swift in Sources */,
				C79E13C028F6B1780010C4BA /* Class.swift in Sources */,
				C76DC5FC291547F2004E5894 /* Date.swift in Sources */,
				C79E13CF28F6BC580010C4BA /* Constant.swift in Sources */,
				C79E13D728F6BCFD0010C4BA /* FontManager.swift in Sources */,
				AB3394B3291503B3001575BB /* SuspendedClass.swift in Sources */,
				C79E13CD28F6BC410010C4BA /* DataService.swift in Sources */,
			);
			runOnlyForDeploymentPostprocessing = 0;
		};
		C0552C3228F69542005D0E67 /* Sources */ = {
			isa = PBXSourcesBuildPhase;
			buildActionMask = 2147483647;
			files = (
				C0552C3B28F69542005D0E67 /* ClassManagerTests.swift in Sources */,
			);
			runOnlyForDeploymentPostprocessing = 0;
		};
		C0552C3C28F69542005D0E67 /* Sources */ = {
			isa = PBXSourcesBuildPhase;
			buildActionMask = 2147483647;
			files = (
				C0552C4528F69542005D0E67 /* ClassManagerUITests.swift in Sources */,
				C0552C4728F69542005D0E67 /* ClassManagerUITestsLaunchTests.swift in Sources */,
			);
			runOnlyForDeploymentPostprocessing = 0;
		};
/* End PBXSourcesBuildPhase section */

/* Begin PBXTargetDependency section */
		C0552C3828F69542005D0E67 /* PBXTargetDependency */ = {
			isa = PBXTargetDependency;
			target = C0552C2428F69541005D0E67 /* ClassManager */;
			targetProxy = C0552C3728F69542005D0E67 /* PBXContainerItemProxy */;
		};
		C0552C4228F69542005D0E67 /* PBXTargetDependency */ = {
			isa = PBXTargetDependency;
			target = C0552C2428F69541005D0E67 /* ClassManager */;
			targetProxy = C0552C4128F69542005D0E67 /* PBXContainerItemProxy */;
		};
/* End PBXTargetDependency section */

/* Begin XCBuildConfiguration section */
		C0552C4828F69542005D0E67 /* Debug */ = {
			isa = XCBuildConfiguration;
			buildSettings = {
				ALWAYS_SEARCH_USER_PATHS = NO;
				CLANG_ANALYZER_NONNULL = YES;
				CLANG_ANALYZER_NUMBER_OBJECT_CONVERSION = YES_AGGRESSIVE;
				CLANG_CXX_LANGUAGE_STANDARD = "gnu++20";
				CLANG_ENABLE_MODULES = YES;
				CLANG_ENABLE_OBJC_ARC = YES;
				CLANG_ENABLE_OBJC_WEAK = YES;
				CLANG_WARN_BLOCK_CAPTURE_AUTORELEASING = YES;
				CLANG_WARN_BOOL_CONVERSION = YES;
				CLANG_WARN_COMMA = YES;
				CLANG_WARN_CONSTANT_CONVERSION = YES;
				CLANG_WARN_DEPRECATED_OBJC_IMPLEMENTATIONS = YES;
				CLANG_WARN_DIRECT_OBJC_ISA_USAGE = YES_ERROR;
				CLANG_WARN_DOCUMENTATION_COMMENTS = YES;
				CLANG_WARN_EMPTY_BODY = YES;
				CLANG_WARN_ENUM_CONVERSION = YES;
				CLANG_WARN_INFINITE_RECURSION = YES;
				CLANG_WARN_INT_CONVERSION = YES;
				CLANG_WARN_NON_LITERAL_NULL_CONVERSION = YES;
				CLANG_WARN_OBJC_IMPLICIT_RETAIN_SELF = YES;
				CLANG_WARN_OBJC_LITERAL_CONVERSION = YES;
				CLANG_WARN_OBJC_ROOT_CLASS = YES_ERROR;
				CLANG_WARN_QUOTED_INCLUDE_IN_FRAMEWORK_HEADER = YES;
				CLANG_WARN_RANGE_LOOP_ANALYSIS = YES;
				CLANG_WARN_STRICT_PROTOTYPES = YES;
				CLANG_WARN_SUSPICIOUS_MOVE = YES;
				CLANG_WARN_UNGUARDED_AVAILABILITY = YES_AGGRESSIVE;
				CLANG_WARN_UNREACHABLE_CODE = YES;
				CLANG_WARN__DUPLICATE_METHOD_MATCH = YES;
				COPY_PHASE_STRIP = NO;
				DEAD_CODE_STRIPPING = YES;
				DEBUG_INFORMATION_FORMAT = dwarf;
				ENABLE_STRICT_OBJC_MSGSEND = YES;
				ENABLE_TESTABILITY = YES;
				GCC_C_LANGUAGE_STANDARD = gnu11;
				GCC_DYNAMIC_NO_PIC = NO;
				GCC_NO_COMMON_BLOCKS = YES;
				GCC_OPTIMIZATION_LEVEL = 0;
				GCC_PREPROCESSOR_DEFINITIONS = (
					"DEBUG=1",
					"$(inherited)",
				);
				GCC_WARN_64_TO_32_BIT_CONVERSION = YES;
				GCC_WARN_ABOUT_RETURN_TYPE = YES_ERROR;
				GCC_WARN_UNDECLARED_SELECTOR = YES;
				GCC_WARN_UNINITIALIZED_AUTOS = YES_AGGRESSIVE;
				GCC_WARN_UNUSED_FUNCTION = YES;
				GCC_WARN_UNUSED_VARIABLE = YES;
				MTL_ENABLE_DEBUG_INFO = INCLUDE_SOURCE;
				MTL_FAST_MATH = YES;
				ONLY_ACTIVE_ARCH = YES;
				SWIFT_ACTIVE_COMPILATION_CONDITIONS = DEBUG;
				SWIFT_OPTIMIZATION_LEVEL = "-Onone";
			};
			name = Debug;
		};
		C0552C4928F69542005D0E67 /* Release */ = {
			isa = XCBuildConfiguration;
			buildSettings = {
				ALWAYS_SEARCH_USER_PATHS = NO;
				CLANG_ANALYZER_NONNULL = YES;
				CLANG_ANALYZER_NUMBER_OBJECT_CONVERSION = YES_AGGRESSIVE;
				CLANG_CXX_LANGUAGE_STANDARD = "gnu++20";
				CLANG_ENABLE_MODULES = YES;
				CLANG_ENABLE_OBJC_ARC = YES;
				CLANG_ENABLE_OBJC_WEAK = YES;
				CLANG_WARN_BLOCK_CAPTURE_AUTORELEASING = YES;
				CLANG_WARN_BOOL_CONVERSION = YES;
				CLANG_WARN_COMMA = YES;
				CLANG_WARN_CONSTANT_CONVERSION = YES;
				CLANG_WARN_DEPRECATED_OBJC_IMPLEMENTATIONS = YES;
				CLANG_WARN_DIRECT_OBJC_ISA_USAGE = YES_ERROR;
				CLANG_WARN_DOCUMENTATION_COMMENTS = YES;
				CLANG_WARN_EMPTY_BODY = YES;
				CLANG_WARN_ENUM_CONVERSION = YES;
				CLANG_WARN_INFINITE_RECURSION = YES;
				CLANG_WARN_INT_CONVERSION = YES;
				CLANG_WARN_NON_LITERAL_NULL_CONVERSION = YES;
				CLANG_WARN_OBJC_IMPLICIT_RETAIN_SELF = YES;
				CLANG_WARN_OBJC_LITERAL_CONVERSION = YES;
				CLANG_WARN_OBJC_ROOT_CLASS = YES_ERROR;
				CLANG_WARN_QUOTED_INCLUDE_IN_FRAMEWORK_HEADER = YES;
				CLANG_WARN_RANGE_LOOP_ANALYSIS = YES;
				CLANG_WARN_STRICT_PROTOTYPES = YES;
				CLANG_WARN_SUSPICIOUS_MOVE = YES;
				CLANG_WARN_UNGUARDED_AVAILABILITY = YES_AGGRESSIVE;
				CLANG_WARN_UNREACHABLE_CODE = YES;
				CLANG_WARN__DUPLICATE_METHOD_MATCH = YES;
				COPY_PHASE_STRIP = NO;
				DEAD_CODE_STRIPPING = YES;
				DEBUG_INFORMATION_FORMAT = "dwarf-with-dsym";
				ENABLE_NS_ASSERTIONS = NO;
				ENABLE_STRICT_OBJC_MSGSEND = YES;
				GCC_C_LANGUAGE_STANDARD = gnu11;
				GCC_NO_COMMON_BLOCKS = YES;
				GCC_WARN_64_TO_32_BIT_CONVERSION = YES;
				GCC_WARN_ABOUT_RETURN_TYPE = YES_ERROR;
				GCC_WARN_UNDECLARED_SELECTOR = YES;
				GCC_WARN_UNINITIALIZED_AUTOS = YES_AGGRESSIVE;
				GCC_WARN_UNUSED_FUNCTION = YES;
				GCC_WARN_UNUSED_VARIABLE = YES;
				MTL_ENABLE_DEBUG_INFO = NO;
				MTL_FAST_MATH = YES;
				SWIFT_COMPILATION_MODE = wholemodule;
				SWIFT_OPTIMIZATION_LEVEL = "-O";
			};
			name = Release;
		};
		C0552C4B28F69542005D0E67 /* Debug */ = {
			isa = XCBuildConfiguration;
			buildSettings = {
				ASSETCATALOG_COMPILER_APPICON_NAME = AppIcon;
				ASSETCATALOG_COMPILER_GLOBAL_ACCENT_COLOR_NAME = AccentColor;
				CODE_SIGN_ENTITLEMENTS = ClassManager/ClassManager.entitlements;
				CODE_SIGN_IDENTITY = "-";
				CODE_SIGN_STYLE = Automatic;
				CURRENT_PROJECT_VERSION = 1;
				DEAD_CODE_STRIPPING = YES;
				DEVELOPMENT_ASSET_PATHS = "\"ClassManager/Preview Content\"";
				DEVELOPMENT_TEAM = "";
				ENABLE_HARDENED_RUNTIME = YES;
				ENABLE_PREVIEWS = YES;
				GENERATE_INFOPLIST_FILE = YES;
				INFOPLIST_FILE = ClassManager/Info.plist;
				INFOPLIST_KEY_CFBundleDisplayName = BUNT;
				INFOPLIST_KEY_LSApplicationCategoryType = "public.app-category.lifestyle";
				"INFOPLIST_KEY_UIApplicationSceneManifest_Generation[sdk=iphoneos*]" = YES;
				"INFOPLIST_KEY_UIApplicationSceneManifest_Generation[sdk=iphonesimulator*]" = YES;
				"INFOPLIST_KEY_UIApplicationSupportsIndirectInputEvents[sdk=iphoneos*]" = YES;
				"INFOPLIST_KEY_UIApplicationSupportsIndirectInputEvents[sdk=iphonesimulator*]" = YES;
				"INFOPLIST_KEY_UILaunchScreen_Generation[sdk=iphoneos*]" = YES;
				"INFOPLIST_KEY_UILaunchScreen_Generation[sdk=iphonesimulator*]" = YES;
				"INFOPLIST_KEY_UIStatusBarStyle[sdk=iphoneos*]" = UIStatusBarStyleDefault;
				"INFOPLIST_KEY_UIStatusBarStyle[sdk=iphonesimulator*]" = UIStatusBarStyleDefault;
				INFOPLIST_KEY_UISupportedInterfaceOrientations = UIInterfaceOrientationPortrait;
				INFOPLIST_KEY_UIUserInterfaceStyle = Dark;
				IPHONEOS_DEPLOYMENT_TARGET = 15.0;
				LD_RUNPATH_SEARCH_PATHS = "@executable_path/Frameworks";
				"LD_RUNPATH_SEARCH_PATHS[sdk=macosx*]" = "@executable_path/../Frameworks";
				MACOSX_DEPLOYMENT_TARGET = 12.3;
				MARKETING_VERSION = 1.0;
				PRODUCT_BUNDLE_IDENTIFIER = com.Bunt.ClassManager;
				PRODUCT_NAME = "$(TARGET_NAME)";
				SDKROOT = auto;
				SUPPORTED_PLATFORMS = "iphoneos iphonesimulator";
				SUPPORTS_MACCATALYST = NO;
				SUPPORTS_MAC_DESIGNED_FOR_IPHONE_IPAD = NO;
				SWIFT_EMIT_LOC_STRINGS = YES;
				SWIFT_VERSION = 5.0;
				TARGETED_DEVICE_FAMILY = "1,2";
			};
			name = Debug;
		};
		C0552C4C28F69542005D0E67 /* Release */ = {
			isa = XCBuildConfiguration;
			buildSettings = {
				ASSETCATALOG_COMPILER_APPICON_NAME = AppIcon;
				ASSETCATALOG_COMPILER_GLOBAL_ACCENT_COLOR_NAME = AccentColor;
				CODE_SIGN_ENTITLEMENTS = ClassManager/ClassManager.entitlements;
				CODE_SIGN_IDENTITY = "-";
				CODE_SIGN_STYLE = Automatic;
				CURRENT_PROJECT_VERSION = 1;
				DEAD_CODE_STRIPPING = YES;
				DEVELOPMENT_ASSET_PATHS = "\"ClassManager/Preview Content\"";
				DEVELOPMENT_TEAM = "";
				ENABLE_HARDENED_RUNTIME = YES;
				ENABLE_PREVIEWS = YES;
				GENERATE_INFOPLIST_FILE = YES;
				INFOPLIST_FILE = ClassManager/Info.plist;
				INFOPLIST_KEY_CFBundleDisplayName = BUNT;
				INFOPLIST_KEY_LSApplicationCategoryType = "public.app-category.lifestyle";
				"INFOPLIST_KEY_UIApplicationSceneManifest_Generation[sdk=iphoneos*]" = YES;
				"INFOPLIST_KEY_UIApplicationSceneManifest_Generation[sdk=iphonesimulator*]" = YES;
				"INFOPLIST_KEY_UIApplicationSupportsIndirectInputEvents[sdk=iphoneos*]" = YES;
				"INFOPLIST_KEY_UIApplicationSupportsIndirectInputEvents[sdk=iphonesimulator*]" = YES;
				"INFOPLIST_KEY_UILaunchScreen_Generation[sdk=iphoneos*]" = YES;
				"INFOPLIST_KEY_UILaunchScreen_Generation[sdk=iphonesimulator*]" = YES;
				"INFOPLIST_KEY_UIStatusBarStyle[sdk=iphoneos*]" = UIStatusBarStyleDefault;
				"INFOPLIST_KEY_UIStatusBarStyle[sdk=iphonesimulator*]" = UIStatusBarStyleDefault;
				INFOPLIST_KEY_UISupportedInterfaceOrientations = UIInterfaceOrientationPortrait;
				INFOPLIST_KEY_UIUserInterfaceStyle = Dark;
				IPHONEOS_DEPLOYMENT_TARGET = 15.0;
				LD_RUNPATH_SEARCH_PATHS = "@executable_path/Frameworks";
				"LD_RUNPATH_SEARCH_PATHS[sdk=macosx*]" = "@executable_path/../Frameworks";
				MACOSX_DEPLOYMENT_TARGET = 12.3;
				MARKETING_VERSION = 1.0;
				PRODUCT_BUNDLE_IDENTIFIER = com.Bunt.ClassManager;
				PRODUCT_NAME = "$(TARGET_NAME)";
				SDKROOT = auto;
				SUPPORTED_PLATFORMS = "iphoneos iphonesimulator";
				SUPPORTS_MACCATALYST = NO;
				SUPPORTS_MAC_DESIGNED_FOR_IPHONE_IPAD = NO;
				SWIFT_EMIT_LOC_STRINGS = YES;
				SWIFT_VERSION = 5.0;
				TARGETED_DEVICE_FAMILY = "1,2";
			};
			name = Release;
		};
		C0552C4E28F69542005D0E67 /* Debug */ = {
			isa = XCBuildConfiguration;
			buildSettings = {
				ALWAYS_EMBED_SWIFT_STANDARD_LIBRARIES = YES;
				BUNDLE_LOADER = "$(TEST_HOST)";
				CODE_SIGN_STYLE = Automatic;
				CURRENT_PROJECT_VERSION = 1;
				DEAD_CODE_STRIPPING = YES;
				DEVELOPMENT_TEAM = 4DC5UF7YA9;
				GENERATE_INFOPLIST_FILE = YES;
				IPHONEOS_DEPLOYMENT_TARGET = 16.0;
				MACOSX_DEPLOYMENT_TARGET = 12.3;
				MARKETING_VERSION = 1.0;
				PRODUCT_BUNDLE_IDENTIFIER = com.Bunt.ClassManagerTests;
				PRODUCT_NAME = "$(TARGET_NAME)";
				SDKROOT = auto;
				SUPPORTED_PLATFORMS = "iphoneos iphonesimulator macosx";
				SWIFT_EMIT_LOC_STRINGS = NO;
				SWIFT_VERSION = 5.0;
				TARGETED_DEVICE_FAMILY = "1,2";
				TEST_HOST = "$(BUILT_PRODUCTS_DIR)/ClassManager.app/$(BUNDLE_EXECUTABLE_FOLDER_PATH)/ClassManager";
			};
			name = Debug;
		};
		C0552C4F28F69542005D0E67 /* Release */ = {
			isa = XCBuildConfiguration;
			buildSettings = {
				ALWAYS_EMBED_SWIFT_STANDARD_LIBRARIES = YES;
				BUNDLE_LOADER = "$(TEST_HOST)";
				CODE_SIGN_STYLE = Automatic;
				CURRENT_PROJECT_VERSION = 1;
				DEAD_CODE_STRIPPING = YES;
				DEVELOPMENT_TEAM = 4DC5UF7YA9;
				GENERATE_INFOPLIST_FILE = YES;
				IPHONEOS_DEPLOYMENT_TARGET = 16.0;
				MACOSX_DEPLOYMENT_TARGET = 12.3;
				MARKETING_VERSION = 1.0;
				PRODUCT_BUNDLE_IDENTIFIER = com.Bunt.ClassManagerTests;
				PRODUCT_NAME = "$(TARGET_NAME)";
				SDKROOT = auto;
				SUPPORTED_PLATFORMS = "iphoneos iphonesimulator macosx";
				SWIFT_EMIT_LOC_STRINGS = NO;
				SWIFT_VERSION = 5.0;
				TARGETED_DEVICE_FAMILY = "1,2";
				TEST_HOST = "$(BUILT_PRODUCTS_DIR)/ClassManager.app/$(BUNDLE_EXECUTABLE_FOLDER_PATH)/ClassManager";
			};
			name = Release;
		};
		C0552C5128F69542005D0E67 /* Debug */ = {
			isa = XCBuildConfiguration;
			buildSettings = {
				ALWAYS_EMBED_SWIFT_STANDARD_LIBRARIES = YES;
				CODE_SIGN_STYLE = Automatic;
				CURRENT_PROJECT_VERSION = 1;
				DEAD_CODE_STRIPPING = YES;
				DEVELOPMENT_TEAM = 4DC5UF7YA9;
				GENERATE_INFOPLIST_FILE = YES;
				IPHONEOS_DEPLOYMENT_TARGET = 16.0;
				MACOSX_DEPLOYMENT_TARGET = 12.3;
				MARKETING_VERSION = 1.0;
				PRODUCT_BUNDLE_IDENTIFIER = com.Bunt.ClassManagerUITests;
				PRODUCT_NAME = "$(TARGET_NAME)";
				SDKROOT = auto;
				SUPPORTED_PLATFORMS = "iphoneos iphonesimulator macosx";
				SWIFT_EMIT_LOC_STRINGS = NO;
				SWIFT_VERSION = 5.0;
				TARGETED_DEVICE_FAMILY = "1,2";
				TEST_TARGET_NAME = ClassManager;
			};
			name = Debug;
		};
		C0552C5228F69542005D0E67 /* Release */ = {
			isa = XCBuildConfiguration;
			buildSettings = {
				ALWAYS_EMBED_SWIFT_STANDARD_LIBRARIES = YES;
				CODE_SIGN_STYLE = Automatic;
				CURRENT_PROJECT_VERSION = 1;
				DEAD_CODE_STRIPPING = YES;
				DEVELOPMENT_TEAM = 4DC5UF7YA9;
				GENERATE_INFOPLIST_FILE = YES;
				IPHONEOS_DEPLOYMENT_TARGET = 16.0;
				MACOSX_DEPLOYMENT_TARGET = 12.3;
				MARKETING_VERSION = 1.0;
				PRODUCT_BUNDLE_IDENTIFIER = com.Bunt.ClassManagerUITests;
				PRODUCT_NAME = "$(TARGET_NAME)";
				SDKROOT = auto;
				SUPPORTED_PLATFORMS = "iphoneos iphonesimulator macosx";
				SWIFT_EMIT_LOC_STRINGS = NO;
				SWIFT_VERSION = 5.0;
				TARGETED_DEVICE_FAMILY = "1,2";
				TEST_TARGET_NAME = ClassManager;
			};
			name = Release;
		};
/* End XCBuildConfiguration section */

/* Begin XCConfigurationList section */
		C0552C2028F69541005D0E67 /* Build configuration list for PBXProject "ClassManager" */ = {
			isa = XCConfigurationList;
			buildConfigurations = (
				C0552C4828F69542005D0E67 /* Debug */,
				C0552C4928F69542005D0E67 /* Release */,
			);
			defaultConfigurationIsVisible = 0;
			defaultConfigurationName = Release;
		};
		C0552C4A28F69542005D0E67 /* Build configuration list for PBXNativeTarget "ClassManager" */ = {
			isa = XCConfigurationList;
			buildConfigurations = (
				C0552C4B28F69542005D0E67 /* Debug */,
				C0552C4C28F69542005D0E67 /* Release */,
			);
			defaultConfigurationIsVisible = 0;
			defaultConfigurationName = Release;
		};
		C0552C4D28F69542005D0E67 /* Build configuration list for PBXNativeTarget "ClassManagerTests" */ = {
			isa = XCConfigurationList;
			buildConfigurations = (
				C0552C4E28F69542005D0E67 /* Debug */,
				C0552C4F28F69542005D0E67 /* Release */,
			);
			defaultConfigurationIsVisible = 0;
			defaultConfigurationName = Release;
		};
		C0552C5028F69542005D0E67 /* Build configuration list for PBXNativeTarget "ClassManagerUITests" */ = {
			isa = XCConfigurationList;
			buildConfigurations = (
				C0552C5128F69542005D0E67 /* Debug */,
				C0552C5228F69542005D0E67 /* Release */,
			);
			defaultConfigurationIsVisible = 0;
			defaultConfigurationName = Release;
		};
/* End XCConfigurationList section */

/* Begin XCRemoteSwiftPackageReference section */
		C0552C5528F69762005D0E67 /* XCRemoteSwiftPackageReference "firebase-ios-sdk" */ = {
			isa = XCRemoteSwiftPackageReference;
			repositoryURL = "https://github.com/firebase/firebase-ios-sdk";
			requirement = {
				kind = exactVersion;
				version = 9.6.0;
			};
		};
/* End XCRemoteSwiftPackageReference section */

/* Begin XCSwiftPackageProductDependency section */
		C0552C5628F69762005D0E67 /* FirebaseFirestore */ = {
			isa = XCSwiftPackageProductDependency;
			package = C0552C5528F69762005D0E67 /* XCRemoteSwiftPackageReference "firebase-ios-sdk" */;
			productName = FirebaseFirestore;
		};
		C0552C5828F69762005D0E67 /* FirebaseFirestoreSwift */ = {
			isa = XCSwiftPackageProductDependency;
			package = C0552C5528F69762005D0E67 /* XCRemoteSwiftPackageReference "firebase-ios-sdk" */;
			productName = FirebaseFirestoreSwift;
		};
/* End XCSwiftPackageProductDependency section */
	};
	rootObject = C0552C1D28F69541005D0E67 /* Project object */;
}
